
Microsoft Visual Studio Solution File, Format Version 12.00
# Visual Studio Version 16
VisualStudioVersion = 16.0.32602.291
MinimumVisualStudioVersion = 10.0.40219.1
Project("{FAE04EC0-301F-11D3-BF4B-00C04F79EFBC}") = "MemoryMatchingGame", "MemoryMatchingGame.csproj", "{A92405A0-FFE9-4FED-B95D-CCB1F272CE64}"
EndProject
Global
	GlobalSection(SolutionConfigurationPlatforms) = preSolution
		Debug|Any CPU = Debug|Any CPU
		Release|Any CPU = Release|Any CPU
	EndGlobalSection
	GlobalSection(ProjectConfigurationPlatforms) = postSolution
		{A92405A0-FFE9-4FED-B95D-CCB1F272CE64}.Debug|Any CPU.ActiveCfg = Debug|Any CPU
		{A92405A0-FFE9-4FED-B95D-CCB1F272CE64}.Debug|Any CPU.Build.0 = Debug|Any CPU
		{A92405A0-FFE9-4FED-B95D-CCB1F272CE64}.Release|Any CPU.ActiveCfg = Release|Any CPU
		{A92405A0-FFE9-4FED-B95D-CCB1F272CE64}.Release|Any CPU.Build.0 = Release|Any CPU
	EndGlobalSection
	GlobalSection(SolutionProperties) = preSolution
		HideSolutionNode = FALSE
	EndGlobalSection
	GlobalSection(ExtensibilityGlobals) = postSolution
		SolutionGuid = {988E1B0A-5761-47C0-B698-94D84DE0B5A6}
	EndGlobalSection
EndGlobal
